version = 1
revision = 2
requires-python = ">=3.8, <3.12"
resolution-markers = [
    "python_full_version >= '3.10'",
    "python_full_version == '3.9.*'",
    "python_full_version < '3.9'",
]

[[package]]
name = "pybullet"
version = "3.2.7"
source = { registry = "https://pypi.org/simple" }
sdist = { url = "https://files.pythonhosted.org/packages/de/95/b9a98cd4ed948d4f25a7d0b13cb0c1f87e58dc6d113be9e18940641eb25f/pybullet-3.2.7.tar.gz", hash = "sha256:042879db8d101ac7590dee475fc6aded508b85fe1273fdbbfde1d88bd200e14f", size = 80508379, upload-time = "2025-01-30T00:34:00.527Z" }
wheels = [
    { url = "https://files.pythonhosted.org/packages/2b/e0/45278c039635529fec27814e6ad9c5a87030161f5ce714e017dd70f562f9/pybullet-3.2.7-cp310-cp310-manylinux_2_17_x86_64.manylinux2014_x86_64.whl", hash = "sha256:814e6b0c035a634b5c46f69065effb085cc451886dda4140576be2f34b461940", size = 103193654, upload-time = "2025-01-30T00:18:52.555Z" },
    { url = "https://files.pythonhosted.org/packages/20/78/a23a300110968586a9dbfd516ccd66906450d57567c9f60cddaeaaf10fa6/pybullet-3.2.7-cp311-cp311-manylinux_2_17_x86_64.manylinux2014_x86_64.whl", hash = "sha256:5d858abf7c12a21ef3ed351cf81dac1b5e486ec25c9ab59bfc84beb89034edff", size = 103196742, upload-time = "2025-01-30T00:19:07.063Z" },
    { url = "https://files.pythonhosted.org/packages/66/e9/4d26f9efaf9b95609ee4f8357a3a306c3c6a40aea7c3ca5f28864615b1c7/pybullet-3.2.7-cp38-cp38-manylinux_2_17_x86_64.manylinux2014_x86_64.whl", hash = "sha256:637be83db2405d4f058a1125bd56bc954f355ff15e519a6738c00d4be3741c4e", size = 103193923, upload-time = "2025-01-30T00:19:46.721Z" },
    { url = "https://files.pythonhosted.org/packages/95/f4/fe54e47ebf8c8d29b7527fe7650a3fb8786f96c1dd79bde108ce62b29826/pybullet-3.2.7-cp39-cp39-manylinux_2_17_x86_64.manylinux2014_x86_64.whl", hash = "sha256:438a95e9d53af5b2e9bbf7b12e1846485e58532b57580c5290dee305fa8b4a6b", size = 103193076, upload-time = "2025-01-30T00:19:59.983Z" },
    { url = "https://files.pythonhosted.org/packages/a5/d2/1fd2fe2d9edacf8689df57fa661d86656ed465152b9c01947a51ddd08fe6/pybullet-3.2.7-pp38-pypy38_pp73-manylinux_2_17_x86_64.manylinux2014_x86_64.whl", hash = "sha256:71e97acbce9a0dab14dc4942bf2134ed50c130c32a85ee18791c9bd08bc953d2", size = 69072317, upload-time = "2025-01-30T00:20:23.205Z" },
    { url = "https://files.pythonhosted.org/packages/9c/56/99c31efc1d1e82e9209fc2e0461809a727e6286fdf36c24729d28495b97c/pybullet-3.2.7-pp39-pypy39_pp73-manylinux_2_17_x86_64.manylinux2014_x86_64.whl", hash = "sha256:5457a2f32ea718bf09c5391a6b7695044c80ac6416571388caa56a0ccf67ba9a", size = 69072722, upload-time = "2025-01-30T00:20:34.231Z" },
]

[[package]]
name = "pymodbus"
version = "2.5.3"
source = { registry = "https://pypi.org/simple" }
dependencies = [
    { name = "pyserial" },
    { name = "six" },
]
sdist = { url = "https://files.pythonhosted.org/packages/fe/a9/f98aadfcb8d0a34326be68a06a72cc60e04139e8f4fd17633972f8af3b4c/pymodbus-2.5.3.tar.gz", hash = "sha256:5ef68c1a109bdb467c830ef003ef2db6494349a5248e4af946fe21c9eefe7e74", size = 165383, upload-time = "2021-10-17T07:17:24.752Z" }
wheels = [
    { url = "https://files.pythonhosted.org/packages/fb/0f/28190d06bbc3b78834d384cb04bb15e5dcdea4f5d370094dbf5debc3af10/pymodbus-2.5.3-py2.py3-none-any.whl", hash = "sha256:6f91403294a73b5a1616a11309f93c0b782115c09379438ef7ebc5bdf86182e9", size = 154549, upload-time = "2021-10-17T07:17:20.313Z" },
]

[[package]]
name = "pyserial"
version = "3.5"
source = { registry = "https://pypi.org/simple" }
sdist = { url = "https://files.pythonhosted.org/packages/1e/7d/ae3f0a63f41e4d2f6cb66a5b57197850f919f59e558159a4dd3a818f5082/pyserial-3.5.tar.gz", hash = "sha256:3c77e014170dfffbd816e6ffc205e9842efb10be9f58ec16d3e8675b4925cddb", size = 159125, upload-time = "2020-11-23T03:59:15.045Z" }
wheels = [
    { url = "https://files.pythonhosted.org/packages/07/bc/587a445451b253b285629263eb51c2d8e9bcea4fc97826266d186f96f558/pyserial-3.5-py2.py3-none-any.whl", hash = "sha256:c4451db6ba391ca6ca299fb3ec7bae67a5c55dde170964c7a14ceefec02f2cf0", size = 90585, upload-time = "2020-11-23T03:59:13.41Z" },
]

[[package]]
name = "robot"
version = "0.1.0"
source = { virtual = "." }
dependencies = [
    { name = "pybullet" },
    { name = "pymodbus" },
]

[package.metadata]
requires-dist = [
    { name = "pybullet" },
    { name = "pymodbus", specifier = "==2.5.3" },
]

[[package]]
name = "six"
version = "1.17.0"
source = { registry = "https://pypi.org/simple" }
sdist = { url = "https://files.pythonhosted.org/packages/94/e7/b2c673351809dca68a0e064b6af791aa332cf192da575fd474ed7d6f16a2/six-1.17.0.tar.gz", hash = "sha256:ff70335d468e7eb6ec65b95b99d3a2836546063f63acc5171de367e834932a81", size = 34031, upload-time = "2024-12-04T17:35:28.174Z" }
wheels = [
    { url = "https://files.pythonhosted.org/packages/b7/ce/149a00dd41f10bc29e5921b496af8b574d8413afcd5e30dfa0ed46c2cc5e/six-1.17.0-py2.py3-none-any.whl", hash = "sha256:4721f391ed90541fddacab5acf947aa0d3dc7d27b2e1e8eda2be8970586c3274", size = 11050, upload-time = "2024-12-04T17:35:26.475Z" },
]
